
Microsoft Visual Studio Solution File, Format Version 12.00
# Visual Studio 15
VisualStudioVersion = 15.0.28010.2003
MinimumVisualStudioVersion = 10.0.40219.1
Project("{FAE04EC0-301F-11D3-BF4B-00C04F79EFBC}") = "IdentityServer", "IdentityServer\IdentityServer.csproj", "{A5F063B3-0615-45D4-97BC-D3BDB2C8D97B}"
EndProject
Project("{9A19103F-16F7-4668-BE54-9A1E7A4F7556}") = "TPL.API", "API\TPL.API.csproj", "{9FFCD81E-ED3F-49B3-AD79-E24F7319E5A0}"
EndProject
Global
	GlobalSection(SolutionConfigurationPlatforms) = preSolution
		Debug|Any CPU = Debug|Any CPU
		Release|Any CPU = Release|Any CPU
	EndGlobalSection
	GlobalSection(ProjectConfigurationPlatforms) = postSolution
		{A5F063B3-0615-45D4-97BC-D3BDB2C8D97B}.Debug|Any CPU.ActiveCfg = Debug|Any CPU
		{A5F063B3-0615-45D4-97BC-D3BDB2C8D97B}.Debug|Any CPU.Build.0 = Debug|Any CPU
		{A5F063B3-0615-45D4-97BC-D3BDB2C8D97B}.Release|Any CPU.ActiveCfg = Release|Any CPU
		{A5F063B3-0615-45D4-97BC-D3BDB2C8D97B}.Release|Any CPU.Build.0 = Release|Any CPU
		{9FFCD81E-ED3F-49B3-AD79-E24F7319E5A0}.Debug|Any CPU.ActiveCfg = Debug|Any CPU
		{9FFCD81E-ED3F-49B3-AD79-E24F7319E5A0}.Debug|Any CPU.Build.0 = Debug|Any CPU
		{9FFCD81E-ED3F-49B3-AD79-E24F7319E5A0}.Release|Any CPU.ActiveCfg = Release|Any CPU
		{9FFCD81E-ED3F-49B3-AD79-E24F7319E5A0}.Release|Any CPU.Build.0 = Release|Any CPU
	EndGlobalSection
	GlobalSection(SolutionProperties) = preSolution
		HideSolutionNode = FALSE
	EndGlobalSection
	GlobalSection(ExtensibilityGlobals) = postSolution
		SolutionGuid = {34B0BBCB-FC61-4841-A3C7-A5499923F2A4}
	EndGlobalSection
EndGlobal
